
Microsoft Visual Studio Solution File, Format Version 12.00
# Visual Studio 16
Project("{FAE04EC0-301F-11D3-BF4B-00C04F79EFBC}") = "Assembly-CSharp", "Assembly-CSharp.csproj", "{BC802C93-26DC-7B10-5B9D-C4C073B04A02}"
EndProject
Project("{FAE04EC0-301F-11D3-BF4B-00C04F79EFBC}") = "NavMeshComponents", "NavMeshComponents.csproj", "{D6AF2057-E9BB-2125-6A35-6A3A16AD5656}"
EndProject
Project("{FAE04EC0-301F-11D3-BF4B-00C04F79EFBC}") = "RuntimeTests", "RuntimeTests.csproj", "{E3753ADC-C5A7-1766-9F8C-C2236EE43EE2}"
EndProject
Project("{FAE04EC0-301F-11D3-BF4B-00C04F79EFBC}") = "NavMeshComponentsEditor", "NavMeshComponentsEditor.csproj", "{AA3FBAD9-FE52-6EDF-7C58-3EA520E2C98D}"
EndProject
Project("{FAE04EC0-301F-11D3-BF4B-00C04F79EFBC}") = "Assembly-CSharp-Editor", "Assembly-CSharp-Editor.csproj", "{62240034-E202-CE10-B1E9-42B6DCE5BA84}"
EndProject
Global
	GlobalSection(SolutionConfigurationPlatforms) = preSolution
		Debug|Any CPU = Debug|Any CPU
		Release|Any CPU = Release|Any CPU
	EndGlobalSection
	GlobalSection(ProjectConfigurationPlatforms) = postSolution
		{BC802C93-26DC-7B10-5B9D-C4C073B04A02}.Debug|Any CPU.ActiveCfg = Debug|Any CPU
		{BC802C93-26DC-7B10-5B9D-C4C073B04A02}.Debug|Any CPU.Build.0 = Debug|Any CPU
		{BC802C93-26DC-7B10-5B9D-C4C073B04A02}.Release|Any CPU.ActiveCfg = Release|Any CPU
		{BC802C93-26DC-7B10-5B9D-C4C073B04A02}.Release|Any CPU.Build.0 = Release|Any CPU
		{D6AF2057-E9BB-2125-6A35-6A3A16AD5656}.Debug|Any CPU.ActiveCfg = Debug|Any CPU
		{D6AF2057-E9BB-2125-6A35-6A3A16AD5656}.Debug|Any CPU.Build.0 = Debug|Any CPU
		{D6AF2057-E9BB-2125-6A35-6A3A16AD5656}.Release|Any CPU.ActiveCfg = Release|Any CPU
		{D6AF2057-E9BB-2125-6A35-6A3A16AD5656}.Release|Any CPU.Build.0 = Release|Any CPU
		{E3753ADC-C5A7-1766-9F8C-C2236EE43EE2}.Debug|Any CPU.ActiveCfg = Debug|Any CPU
		{E3753ADC-C5A7-1766-9F8C-C2236EE43EE2}.Debug|Any CPU.Build.0 = Debug|Any CPU
		{E3753ADC-C5A7-1766-9F8C-C2236EE43EE2}.Release|Any CPU.ActiveCfg = Release|Any CPU
		{E3753ADC-C5A7-1766-9F8C-C2236EE43EE2}.Release|Any CPU.Build.0 = Release|Any CPU
		{AA3FBAD9-FE52-6EDF-7C58-3EA520E2C98D}.Debug|Any CPU.ActiveCfg = Debug|Any CPU
		{AA3FBAD9-FE52-6EDF-7C58-3EA520E2C98D}.Debug|Any CPU.Build.0 = Debug|Any CPU
		{AA3FBAD9-FE52-6EDF-7C58-3EA520E2C98D}.Release|Any CPU.ActiveCfg = Release|Any CPU
		{AA3FBAD9-FE52-6EDF-7C58-3EA520E2C98D}.Release|Any CPU.Build.0 = Release|Any CPU
		{62240034-E202-CE10-B1E9-42B6DCE5BA84}.Debug|Any CPU.ActiveCfg = Debug|Any CPU
		{62240034-E202-CE10-B1E9-42B6DCE5BA84}.Debug|Any CPU.Build.0 = Debug|Any CPU
		{62240034-E202-CE10-B1E9-42B6DCE5BA84}.Release|Any CPU.ActiveCfg = Release|Any CPU
		{62240034-E202-CE10-B1E9-42B6DCE5BA84}.Release|Any CPU.Build.0 = Release|Any CPU
	EndGlobalSection
	GlobalSection(SolutionProperties) = preSolution
		HideSolutionNode = FALSE
	EndGlobalSection
	GlobalSection(MonoDevelopProperties) = preSolution
		StartupItem = Assembly-CSharp.csproj
	EndGlobalSection
EndGlobal
